
Microsoft Visual Studio Solution File, Format Version 12.00
# Visual Studio Version 17
VisualStudioVersion = 17.2.32630.192
MinimumVisualStudioVersion = 10.0.40219.1
Project("{FAE04EC0-301F-11D3-BF4B-00C04F79EFBC}") = "Exercise8", "Exercise8\Exercise8.csproj", "{46EDD2CA-843C-4E46-BD36-34FCA07BDCC2}"
EndProject
Global
	GlobalSection(SolutionConfigurationPlatforms) = preSolution
		Debug|Any CPU = Debug|Any CPU
		Release|Any CPU = Release|Any CPU
	EndGlobalSection
	GlobalSection(ProjectConfigurationPlatforms) = postSolution
		{46EDD2CA-843C-4E46-BD36-34FCA07BDCC2}.Debug|Any CPU.ActiveCfg = Debug|Any CPU
		{46EDD2CA-843C-4E46-BD36-34FCA07BDCC2}.Debug|Any CPU.Build.0 = Debug|Any CPU
		{46EDD2CA-843C-4E46-BD36-34FCA07BDCC2}.Release|Any CPU.ActiveCfg = Release|Any CPU
		{46EDD2CA-843C-4E46-BD36-34FCA07BDCC2}.Release|Any CPU.Build.0 = Release|Any CPU
	EndGlobalSection
	GlobalSection(SolutionProperties) = preSolution
		HideSolutionNode = FALSE
	EndGlobalSection
	GlobalSection(ExtensibilityGlobals) = postSolution
		SolutionGuid = {F8EF4368-27C0-41AE-A644-970009A26763}
	EndGlobalSection
EndGlobal
